<?xml version="1.0" encoding="UTF-8"?>
<CONFIG>
  <ProjectOptions>
    <Version Value="12"/>
    <General>
      <SessionStorage Value="InProjectDir"/>
      <Title Value="eddmail"/>
      <Scaled Value="True"/>
      <ResourceType Value="res"/>
      <UseXPManifest Value="True"/>
      <XPManifest>
        <DpiAware Value="True"/>
      </XPManifest>
      <Icon Value="0"/>
    </General>
    <BuildModes>
      <Item Name="Default" Default="True"/>
    </BuildModes>
    <PublishOptions>
      <Version Value="2"/>
      <UseFileFilters Value="True"/>
    </PublishOptions>
    <RunParams>
      <FormatVersion Value="2"/>
    </RunParams>
    <RequiredPackages>
      <Item>
        <PackageName Value="LCL"/>
      </Item>
    </RequiredPackages>
    <Units>
      <Unit>
        <Filename Value="eddmail.lpr"/>
        <IsPartOfProject Value="True"/>
      </Unit>
      <Unit>
        <Filename Value="umain.pas"/>
        <IsPartOfProject Value="True"/>
        <ComponentName Value="Form1"/>
        <HasResources Value="True"/>
        <ResourceBaseClass Value="Form"/>
        <UnitName Value="uMain"/>
      </Unit>
      <Unit>
        <Filename Value="udata.pas"/>
        <IsPartOfProject Value="True"/>
        <UnitName Value="uData"/>
      </Unit>
      <Unit>
        <Filename Value="urootmenu.pas"/>
        <IsPartOfProject Value="True"/>
        <ComponentName Value="frmRootMenu"/>
        <HasResources Value="True"/>
        <ResourceBaseClass Value="Form"/>
        <UnitName Value="uRootMenu"/>
      </Unit>
      <Unit>
        <Filename Value="ulistausuarios.pas"/>
        <IsPartOfProject Value="True"/>
        <UnitName Value="uListaUsuarios"/>
      </Unit>
      <Unit>
        <Filename Value="ulistacorreos.pas"/>
        <IsPartOfProject Value="True"/>
        <UnitName Value="uListaCorreos"/>
      </Unit>
      <Unit>
        <Filename Value="uinboxform.pas"/>
        <IsPartOfProject Value="True"/>
        <ComponentName Value="frmInbox"/>
        <HasResources Value="True"/>
        <ResourceBaseClass Value="Form"/>
        <UnitName Value="uInboxForm"/>
      </Unit>
      <Unit>
        <Filename Value="uusermenu.pas"/>
        <IsPartOfProject Value="True"/>
        <ComponentName Value="frmUserMenu"/>
        <HasResources Value="True"/>
        <ResourceBaseClass Value="Form"/>
        <UnitName Value="uUserMenu"/>
      </Unit>
      <Unit>
        <Filename Value="ucomposeform.pas"/>
        <IsPartOfProject Value="True"/>
        <ComponentName Value="frmCompose"/>
<<<<<<< HEAD
        <ResourceBaseClass Value="Form"/>
        <UnitName Value="uComposeForm"/>
      </Unit>
=======
        <HasResources Value="True"/>
        <ResourceBaseClass Value="Form"/>
        <UnitName Value="uComposeForm"/>
      </Unit>
      <Unit>
        <Filename Value="utrashform.pas"/>
        <IsPartOfProject Value="True"/>
        <ComponentName Value="frmTrash"/>
        <ResourceBaseClass Value="Form"/>
        <UnitName Value="uTrashForm"/>
      </Unit>
      <Unit>
        <Filename Value="uscheduleform.pas"/>
        <IsPartOfProject Value="True"/>
        <ComponentName Value="Form2"/>
        <ResourceBaseClass Value="Form"/>
        <UnitName Value="uScheduleForm"/>
      </Unit>
>>>>>>> e486c4b (actualizacion en el codigo de bandeja de entrada, interfaz y codigo de enviar correo, interfaz de programar correo, correcciones en papelera y codigo de progrgamar correo)
    </Units>
  </ProjectOptions>
  <CompilerOptions>
    <Version Value="11"/>
    <Target>
      <Filename Value="eddmail"/>
    </Target>
    <SearchPaths>
      <IncludeFiles Value="$(ProjOutDir)"/>
      <UnitOutputDirectory Value="lib/$(TargetCPU)-$(TargetOS)"/>
    </SearchPaths>
    <Linking>
      <Debugging>
        <DebugInfoType Value="dsDwarf2Set"/>
      </Debugging>
      <Options>
        <Win32>
          <GraphicApplication Value="True"/>
        </Win32>
      </Options>
    </Linking>
  </CompilerOptions>
  <Debugging>
    <Exceptions>
      <Item>
        <Name Value="EAbort"/>
      </Item>
      <Item>
        <Name Value="ECodetoolError"/>
      </Item>
      <Item>
        <Name Value="EFOpenError"/>
      </Item>
    </Exceptions>
  </Debugging>
</CONFIG>
